
Microsoft Visual Studio Solution File, Format Version 12.00
# Visual Studio Version 16
VisualStudioVersion = 16.0.32002.261
MinimumVisualStudioVersion = 10.0.40219.1
Project("{FAE04EC0-301F-11D3-BF4B-00C04F79EFBC}") = "TicTacToe", "TicTacToe\TicTacToe.csproj", "{FD0EA001-5415-413A-9CCE-590647BE7B00}"
EndProject
Project("{FAE04EC0-301F-11D3-BF4B-00C04F79EFBC}") = "TicTacToeTest", "TicTacToeTest\TicTacToeTest.csproj", "{3DFD64D3-8CAA-415F-9B6A-7F174017D0A6}"
EndProject
Global
	GlobalSection(SolutionConfigurationPlatforms) = preSolution
		Debug|Any CPU = Debug|Any CPU
		Release|Any CPU = Release|Any CPU
	EndGlobalSection
	GlobalSection(ProjectConfigurationPlatforms) = postSolution
		{FD0EA001-5415-413A-9CCE-590647BE7B00}.Debug|Any CPU.ActiveCfg = Debug|Any CPU
		{FD0EA001-5415-413A-9CCE-590647BE7B00}.Debug|Any CPU.Build.0 = Debug|Any CPU
		{FD0EA001-5415-413A-9CCE-590647BE7B00}.Release|Any CPU.ActiveCfg = Release|Any CPU
		{FD0EA001-5415-413A-9CCE-590647BE7B00}.Release|Any CPU.Build.0 = Release|Any CPU
		{3DFD64D3-8CAA-415F-9B6A-7F174017D0A6}.Debug|Any CPU.ActiveCfg = Debug|Any CPU
		{3DFD64D3-8CAA-415F-9B6A-7F174017D0A6}.Debug|Any CPU.Build.0 = Debug|Any CPU
		{3DFD64D3-8CAA-415F-9B6A-7F174017D0A6}.Release|Any CPU.ActiveCfg = Release|Any CPU
		{3DFD64D3-8CAA-415F-9B6A-7F174017D0A6}.Release|Any CPU.Build.0 = Release|Any CPU
	EndGlobalSection
	GlobalSection(SolutionProperties) = preSolution
		HideSolutionNode = FALSE
	EndGlobalSection
	GlobalSection(ExtensibilityGlobals) = postSolution
		SolutionGuid = {D2BA5D1C-AA08-483B-BCD0-238F04EBC512}
	EndGlobalSection
EndGlobal
